
Microsoft Visual Studio Solution File, Format Version 12.00
# Visual Studio Version 16
VisualStudioVersion = 16.0.29503.13
MinimumVisualStudioVersion = 10.0.40219.1
Project("{FAE04EC0-301F-11D3-BF4B-00C04F79EFBC}") = "Blauhaus.Common.ValueObjects", "Blauhaus.Common.ValueObjects\Blauhaus.Common.ValueObjects.csproj", "{B03CE9A6-0FAD-4FC2-8A74-32F434625773}"
EndProject
Project("{FAE04EC0-301F-11D3-BF4B-00C04F79EFBC}") = "Blauhaus.Common.Tests", "Blauhaus.Common.Tests\Blauhaus.Common.Tests.csproj", "{0C6497FD-0445-4F6F-9DA6-7DB37F47B455}"
EndProject
Global
	GlobalSection(SolutionConfigurationPlatforms) = preSolution
		Debug|Any CPU = Debug|Any CPU
		Release|Any CPU = Release|Any CPU
	EndGlobalSection
	GlobalSection(ProjectConfigurationPlatforms) = postSolution
		{B03CE9A6-0FAD-4FC2-8A74-32F434625773}.Debug|Any CPU.ActiveCfg = Debug|Any CPU
		{B03CE9A6-0FAD-4FC2-8A74-32F434625773}.Debug|Any CPU.Build.0 = Debug|Any CPU
		{B03CE9A6-0FAD-4FC2-8A74-32F434625773}.Release|Any CPU.ActiveCfg = Release|Any CPU
		{B03CE9A6-0FAD-4FC2-8A74-32F434625773}.Release|Any CPU.Build.0 = Release|Any CPU
		{0C6497FD-0445-4F6F-9DA6-7DB37F47B455}.Debug|Any CPU.ActiveCfg = Debug|Any CPU
		{0C6497FD-0445-4F6F-9DA6-7DB37F47B455}.Debug|Any CPU.Build.0 = Debug|Any CPU
		{0C6497FD-0445-4F6F-9DA6-7DB37F47B455}.Release|Any CPU.ActiveCfg = Release|Any CPU
		{0C6497FD-0445-4F6F-9DA6-7DB37F47B455}.Release|Any CPU.Build.0 = Release|Any CPU
	EndGlobalSection
	GlobalSection(SolutionProperties) = preSolution
		HideSolutionNode = FALSE
	EndGlobalSection
	GlobalSection(ExtensibilityGlobals) = postSolution
		SolutionGuid = {87A18D8A-188C-4C6D-875D-836507D61236}
	EndGlobalSection
EndGlobal
